PODS:
  - ModuleA (0.0.1)
  - ModuleB (0.0.1):
    - ModuleA
    - ModuleL
  - ModuleC (0.0.1):
    - ModuleA
    - ModuleB
  - ModuleD (0.0.1):
    - ModuleC
    - ModuleL
  - ModuleInStandalone (0.0.1):
    - ModuleA
    - ModuleB
  - ModuleL (0.0.1):
    - ModuleA

DEPENDENCIES:
  - ModuleA (from `./SubProjects/ModuleA`)
  - ModuleB (from `./SubProjects/ModuleB`)
  - ModuleC (from `./SubProjects/ModuleC`)
  - ModuleD (from `./SubProjects/ModuleD`)
  - ModuleInStandalone (from `./StandaloneProjects/StandaloneProject/ModuleInStandalone.podspec`)
  - ModuleL (from `./SubProjects/ModuleL`)

EXTERNAL SOURCES:
  ModuleA:
    :path: "./SubProjects/ModuleA"
  ModuleB:
    :path: "./SubProjects/ModuleB"
  ModuleC:
    :path: "./SubProjects/ModuleC"
  ModuleD:
    :path: "./SubProjects/ModuleD"
  ModuleInStandalone:
    :path: "./StandaloneProjects/StandaloneProject/ModuleInStandalone.podspec"
  ModuleL:
    :path: "./SubProjects/ModuleL"

SPEC CHECKSUMS:
  ModuleA: a5cc148546f1689fe8cc1df8361dfdc77b566692
  ModuleB: 2263e183f83d8692773cb8d70e72f842629c5168
  ModuleC: ed15b8afa793c0f8c9ef8a3a58f64dae9268ee30
  ModuleD: 29c50fe83d609fac6af0584063fa9b4be73129e1
  ModuleInStandalone: 3f7d2e3b5e0556e6606dcf63fe4a5b289ebd8ba8
  ModuleL: 040a9ca576532f2c1ff2dc803921cec9d3165ccc

PODFILE CHECKSUM: 3610439e4d2b6ea44fb234d2c154dd618665b8f1

COCOAPODS: 1.5.3
