PODS:
  - MGJRouter (0.10.0)
  - ModuleA (0.0.1)
  - ModuleL (0.0.1):
    - ModuleA

DEPENDENCIES:
  - MGJRouter (~> 0.10.0)
  - ModuleA (from `./BasicModules/ModuleA`)
  - ModuleL (from `./BasicModules/ModuleL`)

SPEC REPOS:
  https://github.com/cocoapods/specs.git:
    - MGJRouter

EXTERNAL SOURCES:
  ModuleA:
    :path: "./BasicModules/ModuleA"
  ModuleL:
    :path: "./BasicModules/ModuleL"

SPEC CHECKSUMS:
  MGJRouter: 15d94541eb2cc81eff7d577337288feb7ae9575f
  ModuleA: 3cf86af730d92e7a79349a34d6fc751c4f895a73
  ModuleL: d74e20fb8cd3ebfae26306adc2bb547421230308

PODFILE CHECKSUM: 3e3e54fef2b047131f2c7f02c3030fcf53677742

COCOAPODS: 1.5.3
