// !$*UTF8*$!
{
	archiveVersion = 1;
	classes = {
	};
	objectVersion = 50;
	objects = {

/* Begin PBXBuildFile section */
		594F676F211D62BD00853AF8 /* ModuleL.m in Sources */ = {isa = PBXBuildFile; fileRef = 594F676E211D62BD00853AF8 /* ModuleL.m */; };
		594F6770211D62BD00853AF8 /* ModuleL.h in CopyFiles */ = {isa = PBXBuildFile; fileRef = 594F676D211D62BD00853AF8 /* ModuleL.h */; };
		594F678D211D63B200853AF8 /* UtilL.m in Sources */ = {isa = PBXBuildFile; fileRef = 594F678C211D63B200853AF8 /* UtilL.m */; };
		594F67AE211D7B7400853AF8 /* ModuleA.framework in Frameworks */ = {isa = PBXBuildFile; fileRef = 594F67AD211D7B7400853AF8 /* ModuleA.framework */; };
/* End PBXBuildFile section */

/* Begin PBXCopyFilesBuildPhase section */
		594F6768211D62BD00853AF8 /* CopyFiles */ = {
			isa = PBXCopyFilesBuildPhase;
			buildActionMask = 2147483647;
			dstPath = "include/$(PRODUCT_NAME)";
			dstSubfolderSpec = 16;
			files = (
				594F6770211D62BD00853AF8 /* ModuleL.h in CopyFiles */,
			);
			runOnlyForDeploymentPostprocessing = 0;
		};
/* End PBXCopyFilesBuildPhase section */

/* Begin PBXFileReference section */
		594F676A211D62BD00853AF8 /* libModuleL.a */ = {isa = PBXFileReference; explicitFileType = archive.ar; includeInIndex = 0; path = libModuleL.a; sourceTree = BUILT_PRODUCTS_DIR; };
		594F676D211D62BD00853AF8 /* ModuleL.h */ = {isa = PBXFileReference; lastKnownFileType = sourcecode.c.h; path = ModuleL.h; sourceTree = "<group>"; };
		594F676E211D62BD00853AF8 /* ModuleL.m */ = {isa = PBXFileReference; lastKnownFileType = sourcecode.c.objc; path = ModuleL.m; sourceTree = "<group>"; };
		594F678B211D63B200853AF8 /* UtilL.h */ = {isa = PBXFileReference; lastKnownFileType = sourcecode.c.h; path = UtilL.h; sourceTree = "<group>"; };
		594F678C211D63B200853AF8 /* UtilL.m */ = {isa = PBXFileReference; lastKnownFileType = sourcecode.c.objc; path = UtilL.m; sourceTree = "<group>"; };
		594F6793211D677100853AF8 /* ModuleC.framework */ = {isa = PBXFileReference; explicitFileType = wrapper.framework; path = ModuleC.framework; sourceTree = BUILT_PRODUCTS_DIR; };
		594F67AB211D7B4E00853AF8 /* ModuleA.framework */ = {isa = PBXFileReference; explicitFileType = wrapper.framework; path = ModuleA.framework; sourceTree = BUILT_PRODUCTS_DIR; };
		594F67AD211D7B7400853AF8 /* ModuleA.framework */ = {isa = PBXFileReference; explicitFileType = wrapper.framework; path = ModuleA.framework; sourceTree = BUILT_PRODUCTS_DIR; };
		594F6A50211F353600853AF8 /* libLottie.a */ = {isa = PBXFileReference; lastKnownFileType = archive.ar; name = libLottie.a; path = ModuleL/lib/Lottie/libLottie.a; sourceTree = "<group>"; };
		594F6A7E211F386400853AF8 /* WebP.framework */ = {isa = PBXFileReference; lastKnownFileType = wrapper.framework; path = WebP.framework; sourceTree = "<group>"; };
		594F6A82211F386400853AF8 /* LOTValueDelegate.h */ = {isa = PBXFileReference; fileEncoding = 4; lastKnownFileType = sourcecode.c.h; path = LOTValueDelegate.h; sourceTree = "<group>"; };
		594F6A83211F386400853AF8 /* LOTAnimatedControl.h */ = {isa = PBXFileReference; fileEncoding = 4; lastKnownFileType = sourcecode.c.h; path = LOTAnimatedControl.h; sourceTree = "<group>"; };
		594F6A84211F386400853AF8 /* LOTCacheProvider.h */ = {isa = PBXFileReference; fileEncoding = 4; lastKnownFileType = sourcecode.c.h; path = LOTCacheProvider.h; sourceTree = "<group>"; };
		594F6A85211F386400853AF8 /* LOTKeypath.h */ = {isa = PBXFileReference; fileEncoding = 4; lastKnownFileType = sourcecode.c.h; path = LOTKeypath.h; sourceTree = "<group>"; };
		594F6A86211F386400853AF8 /* LOTInterpolatorCallback.h */ = {isa = PBXFileReference; fileEncoding = 4; lastKnownFileType = sourcecode.c.h; path = LOTInterpolatorCallback.h; sourceTree = "<group>"; };
		594F6A87211F386400853AF8 /* LOTAnimatedSwitch.h */ = {isa = PBXFileReference; fileEncoding = 4; lastKnownFileType = sourcecode.c.h; path = LOTAnimatedSwitch.h; sourceTree = "<group>"; };
		594F6A88211F386400853AF8 /* LOTAnimationCache.h */ = {isa = PBXFileReference; fileEncoding = 4; lastKnownFileType = sourcecode.c.h; path = LOTAnimationCache.h; sourceTree = "<group>"; };
		594F6A89211F386400853AF8 /* Lottie.h */ = {isa = PBXFileReference; fileEncoding = 4; lastKnownFileType = sourcecode.c.h; path = Lottie.h; sourceTree = "<group>"; };
		594F6A8A211F386400853AF8 /* LOTComposition.h */ = {isa = PBXFileReference; fileEncoding = 4; lastKnownFileType = sourcecode.c.h; path = LOTComposition.h; sourceTree = "<group>"; };
		594F6A8B211F386400853AF8 /* LOTAnimationTransitionController.h */ = {isa = PBXFileReference; fileEncoding = 4; lastKnownFileType = sourcecode.c.h; path = LOTAnimationTransitionController.h; sourceTree = "<group>"; };
		594F6A8C211F386400853AF8 /* LOTAnimationView.h */ = {isa = PBXFileReference; fileEncoding = 4; lastKnownFileType = sourcecode.c.h; path = LOTAnimationView.h; sourceTree = "<group>"; };
		594F6A8D211F386400853AF8 /* LOTAnimationView_Compat.h */ = {isa = PBXFileReference; fileEncoding = 4; lastKnownFileType = sourcecode.c.h; path = LOTAnimationView_Compat.h; sourceTree = "<group>"; };
		594F6A8E211F386400853AF8 /* LOTValueCallback.h */ = {isa = PBXFileReference; fileEncoding = 4; lastKnownFileType = sourcecode.c.h; path = LOTValueCallback.h; sourceTree = "<group>"; };
		594F6A8F211F386400853AF8 /* LOTBlockCallback.h */ = {isa = PBXFileReference; fileEncoding = 4; lastKnownFileType = sourcecode.c.h; path = LOTBlockCallback.h; sourceTree = "<group>"; };
		594F6A90211F386400853AF8 /* libLottie.a */ = {isa = PBXFileReference; lastKnownFileType = archive.ar; path = libLottie.a; sourceTree = "<group>"; };
/* End PBXFileReference section */

/* Begin PBXFrameworksBuildPhase section */
		594F6767211D62BD00853AF8 /* Frameworks */ = {
			isa = PBXFrameworksBuildPhase;
			buildActionMask = 2147483647;
			files = (
				594F67AE211D7B7400853AF8 /* ModuleA.framework in Frameworks */,
			);
			runOnlyForDeploymentPostprocessing = 0;
		};
/* End PBXFrameworksBuildPhase section */

/* Begin PBXGroup section */
		594F6761211D62BD00853AF8 = {
			isa = PBXGroup;
			children = (
				594F676C211D62BD00853AF8 /* ModuleL */,
				594F676B211D62BD00853AF8 /* Products */,
				594F6792211D677100853AF8 /* Frameworks */,
			);
			sourceTree = "<group>";
		};
		594F676B211D62BD00853AF8 /* Products */ = {
			isa = PBXGroup;
			children = (
				594F676A211D62BD00853AF8 /* libModuleL.a */,
			);
			name = Products;
			sourceTree = "<group>";
		};
		594F676C211D62BD00853AF8 /* ModuleL */ = {
			isa = PBXGroup;
			children = (
				594F6A7D211F386400853AF8 /* lib */,
				594F676D211D62BD00853AF8 /* ModuleL.h */,
				594F676E211D62BD00853AF8 /* ModuleL.m */,
				594F678B211D63B200853AF8 /* UtilL.h */,
				594F678C211D63B200853AF8 /* UtilL.m */,
			);
			path = ModuleL;
			sourceTree = "<group>";
		};
		594F6792211D677100853AF8 /* Frameworks */ = {
			isa = PBXGroup;
			children = (
				594F67AD211D7B7400853AF8 /* ModuleA.framework */,
				594F6A50211F353600853AF8 /* libLottie.a */,
				594F67AB211D7B4E00853AF8 /* ModuleA.framework */,
				594F6793211D677100853AF8 /* ModuleC.framework */,
			);
			name = Frameworks;
			sourceTree = "<group>";
		};
		594F6A7D211F386400853AF8 /* lib */ = {
			isa = PBXGroup;
			children = (
				594F6A7E211F386400853AF8 /* WebP.framework */,
				594F6A7F211F386400853AF8 /* Lottie */,
			);
			path = lib;
			sourceTree = "<group>";
		};
		594F6A7F211F386400853AF8 /* Lottie */ = {
			isa = PBXGroup;
			children = (
				594F6A80211F386400853AF8 /* include */,
				594F6A90211F386400853AF8 /* libLottie.a */,
			);
			path = Lottie;
			sourceTree = "<group>";
		};
		594F6A80211F386400853AF8 /* include */ = {
			isa = PBXGroup;
			children = (
				594F6A81211F386400853AF8 /* Lottie */,
			);
			path = include;
			sourceTree = "<group>";
		};
		594F6A81211F386400853AF8 /* Lottie */ = {
			isa = PBXGroup;
			children = (
				594F6A82211F386400853AF8 /* LOTValueDelegate.h */,
				594F6A83211F386400853AF8 /* LOTAnimatedControl.h */,
				594F6A84211F386400853AF8 /* LOTCacheProvider.h */,
				594F6A85211F386400853AF8 /* LOTKeypath.h */,
				594F6A86211F386400853AF8 /* LOTInterpolatorCallback.h */,
				594F6A87211F386400853AF8 /* LOTAnimatedSwitch.h */,
				594F6A88211F386400853AF8 /* LOTAnimationCache.h */,
				594F6A89211F386400853AF8 /* Lottie.h */,
				594F6A8A211F386400853AF8 /* LOTComposition.h */,
				594F6A8B211F386400853AF8 /* LOTAnimationTransitionController.h */,
				594F6A8C211F386400853AF8 /* LOTAnimationView.h */,
				594F6A8D211F386400853AF8 /* LOTAnimationView_Compat.h */,
				594F6A8E211F386400853AF8 /* LOTValueCallback.h */,
				594F6A8F211F386400853AF8 /* LOTBlockCallback.h */,
			);
			path = Lottie;
			sourceTree = "<group>";
		};
/* End PBXGroup section */

/* Begin PBXNativeTarget section */
		594F6769211D62BD00853AF8 /* ModuleL */ = {
			isa = PBXNativeTarget;
			buildConfigurationList = 594F6773211D62BD00853AF8 /* Build configuration list for PBXNativeTarget "ModuleL" */;
			buildPhases = (
				594F6766211D62BD00853AF8 /* Sources */,
				594F6767211D62BD00853AF8 /* Frameworks */,
				594F6768211D62BD00853AF8 /* CopyFiles */,
			);
			buildRules = (
			);
			dependencies = (
			);
			name = ModuleL;
			productName = ModuleL;
			productReference = 594F676A211D62BD00853AF8 /* libModuleL.a */;
			productType = "com.apple.product-type.library.static";
		};
/* End PBXNativeTarget section */

/* Begin PBXProject section */
		594F6762211D62BD00853AF8 /* Project object */ = {
			isa = PBXProject;
			attributes = {
				LastUpgradeCheck = 0940;
				ORGANIZATIONNAME = TB;
				TargetAttributes = {
					594F6769211D62BD00853AF8 = {
						CreatedOnToolsVersion = 9.4.1;
					};
				};
			};
			buildConfigurationList = 594F6765211D62BD00853AF8 /* Build configuration list for PBXProject "ModuleL" */;
			compatibilityVersion = "Xcode 9.3";
			developmentRegion = en;
			hasScannedForEncodings = 0;
			knownRegions = (
				en,
			);
			mainGroup = 594F6761211D62BD00853AF8;
			productRefGroup = 594F676B211D62BD00853AF8 /* Products */;
			projectDirPath = "";
			projectRoot = "";
			targets = (
				594F6769211D62BD00853AF8 /* ModuleL */,
			);
		};
/* End PBXProject section */

/* Begin PBXSourcesBuildPhase section */
		594F6766211D62BD00853AF8 /* Sources */ = {
			isa = PBXSourcesBuildPhase;
			buildActionMask = 2147483647;
			files = (
				594F678D211D63B200853AF8 /* UtilL.m in Sources */,
				594F676F211D62BD00853AF8 /* ModuleL.m in Sources */,
			);
			runOnlyForDeploymentPostprocessing = 0;
		};
/* End PBXSourcesBuildPhase section */

/* Begin XCBuildConfiguration section */
		594F6771211D62BD00853AF8 /* Debug */ = {
			isa = XCBuildConfiguration;
			buildSettings = {
				ALWAYS_SEARCH_USER_PATHS = NO;
				CLANG_ANALYZER_NONNULL = YES;
				CLANG_ANALYZER_NUMBER_OBJECT_CONVERSION = YES_AGGRESSIVE;
				CLANG_CXX_LANGUAGE_STANDARD = "gnu++14";
				CLANG_CXX_LIBRARY = "libc++";
				CLANG_ENABLE_MODULES = YES;
				CLANG_ENABLE_OBJC_ARC = YES;
				CLANG_ENABLE_OBJC_WEAK = YES;
				CLANG_WARN_BLOCK_CAPTURE_AUTORELEASING = YES;
				CLANG_WARN_BOOL_CONVERSION = YES;
				CLANG_WARN_COMMA = YES;
				CLANG_WARN_CONSTANT_CONVERSION = YES;
				CLANG_WARN_DEPRECATED_OBJC_IMPLEMENTATIONS = YES;
				CLANG_WARN_DIRECT_OBJC_ISA_USAGE = YES_ERROR;
				CLANG_WARN_DOCUMENTATION_COMMENTS = YES;
				CLANG_WARN_EMPTY_BODY = YES;
				CLANG_WARN_ENUM_CONVERSION = YES;
				CLANG_WARN_INFINITE_RECURSION = YES;
				CLANG_WARN_INT_CONVERSION = YES;
				CLANG_WARN_NON_LITERAL_NULL_CONVERSION = YES;
				CLANG_WARN_OBJC_IMPLICIT_RETAIN_SELF = YES;
				CLANG_WARN_OBJC_LITERAL_CONVERSION = YES;
				CLANG_WARN_OBJC_ROOT_CLASS = YES_ERROR;
				CLANG_WARN_RANGE_LOOP_ANALYSIS = YES;
				CLANG_WARN_STRICT_PROTOTYPES = YES;
				CLANG_WARN_SUSPICIOUS_MOVE = YES;
				CLANG_WARN_UNGUARDED_AVAILABILITY = YES_AGGRESSIVE;
				CLANG_WARN_UNREACHABLE_CODE = YES;
				CLANG_WARN__DUPLICATE_METHOD_MATCH = YES;
				CODE_SIGN_IDENTITY = "iPhone Developer";
				COPY_PHASE_STRIP = NO;
				DEBUG_INFORMATION_FORMAT = dwarf;
				ENABLE_STRICT_OBJC_MSGSEND = YES;
				ENABLE_TESTABILITY = YES;
				GCC_C_LANGUAGE_STANDARD = gnu11;
				GCC_DYNAMIC_NO_PIC = NO;
				GCC_NO_COMMON_BLOCKS = YES;
				GCC_OPTIMIZATION_LEVEL = 0;
				GCC_PREPROCESSOR_DEFINITIONS = (
					"DEBUG=1",
					"$(inherited)",
				);
				GCC_WARN_64_TO_32_BIT_CONVERSION = YES;
				GCC_WARN_ABOUT_RETURN_TYPE = YES_ERROR;
				GCC_WARN_UNDECLARED_SELECTOR = YES;
				GCC_WARN_UNINITIALIZED_AUTOS = YES_AGGRESSIVE;
				GCC_WARN_UNUSED_FUNCTION = YES;
				GCC_WARN_UNUSED_VARIABLE = YES;
				IPHONEOS_DEPLOYMENT_TARGET = 11.4;
				MTL_ENABLE_DEBUG_INFO = YES;
				ONLY_ACTIVE_ARCH = YES;
				SDKROOT = iphoneos;
			};
			name = Debug;
		};
		594F6772211D62BD00853AF8 /* Release */ = {
			isa = XCBuildConfiguration;
			buildSettings = {
				ALWAYS_SEARCH_USER_PATHS = NO;
				CLANG_ANALYZER_NONNULL = YES;
				CLANG_ANALYZER_NUMBER_OBJECT_CONVERSION = YES_AGGRESSIVE;
				CLANG_CXX_LANGUAGE_STANDARD = "gnu++14";
				CLANG_CXX_LIBRARY = "libc++";
				CLANG_ENABLE_MODULES = YES;
				CLANG_ENABLE_OBJC_ARC = YES;
				CLANG_ENABLE_OBJC_WEAK = YES;
				CLANG_WARN_BLOCK_CAPTURE_AUTORELEASING = YES;
				CLANG_WARN_BOOL_CONVERSION = YES;
				CLANG_WARN_COMMA = YES;
				CLANG_WARN_CONSTANT_CONVERSION = YES;
				CLANG_WARN_DEPRECATED_OBJC_IMPLEMENTATIONS = YES;
				CLANG_WARN_DIRECT_OBJC_ISA_USAGE = YES_ERROR;
				CLANG_WARN_DOCUMENTATION_COMMENTS = YES;
				CLANG_WARN_EMPTY_BODY = YES;
				CLANG_WARN_ENUM_CONVERSION = YES;
				CLANG_WARN_INFINITE_RECURSION = YES;
				CLANG_WARN_INT_CONVERSION = YES;
				CLANG_WARN_NON_LITERAL_NULL_CONVERSION = YES;
				CLANG_WARN_OBJC_IMPLICIT_RETAIN_SELF = YES;
				CLANG_WARN_OBJC_LITERAL_CONVERSION = YES;
				CLANG_WARN_OBJC_ROOT_CLASS = YES_ERROR;
				CLANG_WARN_RANGE_LOOP_ANALYSIS = YES;
				CLANG_WARN_STRICT_PROTOTYPES = YES;
				CLANG_WARN_SUSPICIOUS_MOVE = YES;
				CLANG_WARN_UNGUARDED_AVAILABILITY = YES_AGGRESSIVE;
				CLANG_WARN_UNREACHABLE_CODE = YES;
				CLANG_WARN__DUPLICATE_METHOD_MATCH = YES;
				CODE_SIGN_IDENTITY = "iPhone Developer";
				COPY_PHASE_STRIP = NO;
				DEBUG_INFORMATION_FORMAT = "dwarf-with-dsym";
				ENABLE_NS_ASSERTIONS = NO;
				ENABLE_STRICT_OBJC_MSGSEND = YES;
				GCC_C_LANGUAGE_STANDARD = gnu11;
				GCC_NO_COMMON_BLOCKS = YES;
				GCC_WARN_64_TO_32_BIT_CONVERSION = YES;
				GCC_WARN_ABOUT_RETURN_TYPE = YES_ERROR;
				GCC_WARN_UNDECLARED_SELECTOR = YES;
				GCC_WARN_UNINITIALIZED_AUTOS = YES_AGGRESSIVE;
				GCC_WARN_UNUSED_FUNCTION = YES;
				GCC_WARN_UNUSED_VARIABLE = YES;
				IPHONEOS_DEPLOYMENT_TARGET = 11.4;
				MTL_ENABLE_DEBUG_INFO = NO;
				SDKROOT = iphoneos;
				VALIDATE_PRODUCT = YES;
			};
			name = Release;
		};
		594F6774211D62BD00853AF8 /* Debug */ = {
			isa = XCBuildConfiguration;
			buildSettings = {
				CODE_SIGN_STYLE = Automatic;
				FRAMEWORK_SEARCH_PATHS = (
					"$(inherited)",
					"$(PROJECT_DIR)/ModuleL/lib",
				);
				HEADER_SEARCH_PATHS = "\"$(SRCROOT)/ModuleL/lib/Lottie/include/Lottie\"";
				LIBRARY_SEARCH_PATHS = (
					"$(inherited)",
					"\"$(SRCROOT)/ModuleL/lib/Lottie/include/Lottie\"",
				);
				OTHER_LDFLAGS = "-ObjC";
				PRODUCT_NAME = "$(TARGET_NAME)";
				SKIP_INSTALL = YES;
				TARGETED_DEVICE_FAMILY = "1,2";
			};
			name = Debug;
		};
		594F6775211D62BD00853AF8 /* Release */ = {
			isa = XCBuildConfiguration;
			buildSettings = {
				CODE_SIGN_STYLE = Automatic;
				FRAMEWORK_SEARCH_PATHS = (
					"$(inherited)",
					"$(PROJECT_DIR)/ModuleL/lib",
				);
				HEADER_SEARCH_PATHS = "\"$(SRCROOT)/ModuleL/lib/Lottie/include/Lottie\"";
				LIBRARY_SEARCH_PATHS = (
					"$(inherited)",
					"\"$(SRCROOT)/ModuleL/lib/Lottie/include/Lottie\"",
				);
				OTHER_LDFLAGS = "-ObjC";
				PRODUCT_NAME = "$(TARGET_NAME)";
				SKIP_INSTALL = YES;
				TARGETED_DEVICE_FAMILY = "1,2";
			};
			name = Release;
		};
/* End XCBuildConfiguration section */

/* Begin XCConfigurationList section */
		594F6765211D62BD00853AF8 /* Build configuration list for PBXProject "ModuleL" */ = {
			isa = XCConfigurationList;
			buildConfigurations = (
				594F6771211D62BD00853AF8 /* Debug */,
				594F6772211D62BD00853AF8 /* Release */,
			);
			defaultConfigurationIsVisible = 0;
			defaultConfigurationName = Release;
		};
		594F6773211D62BD00853AF8 /* Build configuration list for PBXNativeTarget "ModuleL" */ = {
			isa = XCConfigurationList;
			buildConfigurations = (
				594F6774211D62BD00853AF8 /* Debug */,
				594F6775211D62BD00853AF8 /* Release */,
			);
			defaultConfigurationIsVisible = 0;
			defaultConfigurationName = Release;
		};
/* End XCConfigurationList section */
	};
	rootObject = 594F6762211D62BD00853AF8 /* Project object */;
}
