// !$*UTF8*$!
{
	archiveVersion = 1;
	classes = {
	};
	objectVersion = 50;
	objects = {

/* Begin PBXBuildFile section */
		594F66AB211D2E5400853AF8 /* AppDelegate.m in Sources */ = {isa = PBXBuildFile; fileRef = 594F66AA211D2E5400853AF8 /* AppDelegate.m */; };
		594F66AE211D2E5400853AF8 /* ViewController.m in Sources */ = {isa = PBXBuildFile; fileRef = 594F66AD211D2E5400853AF8 /* ViewController.m */; };
		594F66B1211D2E5400853AF8 /* Main.storyboard in Resources */ = {isa = PBXBuildFile; fileRef = 594F66AF211D2E5400853AF8 /* Main.storyboard */; };
		594F66B3211D2E5B00853AF8 /* Assets.xcassets in Resources */ = {isa = PBXBuildFile; fileRef = 594F66B2211D2E5B00853AF8 /* Assets.xcassets */; };
		594F66B6211D2E5B00853AF8 /* LaunchScreen.storyboard in Resources */ = {isa = PBXBuildFile; fileRef = 594F66B4211D2E5B00853AF8 /* LaunchScreen.storyboard */; };
		594F66B9211D2E5B00853AF8 /* main.m in Sources */ = {isa = PBXBuildFile; fileRef = 594F66B8211D2E5B00853AF8 /* main.m */; };
		594F6A28211F322900853AF8 /* ModuleC.podspec in Resources */ = {isa = PBXBuildFile; fileRef = 594F69E8211F322100853AF8 /* ModuleC.podspec */; };
		594F6A2B211F322900853AF8 /* ModuleD.podspec in Resources */ = {isa = PBXBuildFile; fileRef = 594F69F6211F322300853AF8 /* ModuleD.podspec */; };
		594F6A2E211F322900853AF8 /* ModuleL.podspec in Resources */ = {isa = PBXBuildFile; fileRef = 594F6A00211F322500853AF8 /* ModuleL.podspec */; };
		594F6A2F211F322900853AF8 /* ModuleB.podspec in Resources */ = {isa = PBXBuildFile; fileRef = 594F6A02211F322500853AF8 /* ModuleB.podspec */; };
		594F6A32211F322900853AF8 /* ModuleA.podspec in Resources */ = {isa = PBXBuildFile; fileRef = 594F6A0D211F322600853AF8 /* ModuleA.podspec */; };
		594F70D6212056F500853AF8 /* moduleChart.png in Resources */ = {isa = PBXBuildFile; fileRef = 594F70D5212056F400853AF8 /* moduleChart.png */; };
		688EB0E82F33AB66F8D5CF00 /* Pods_ProjectContainerDemo.framework in Frameworks */ = {isa = PBXBuildFile; fileRef = 94197BDDF13C29CFF9B7910F /* Pods_ProjectContainerDemo.framework */; };
/* End PBXBuildFile section */

/* Begin PBXContainerItemProxy section */
		594F6A18211F322900853AF8 /* PBXContainerItemProxy */ = {
			isa = PBXContainerItemProxy;
			containerPortal = 594F6A0E211F322600853AF8 /* ModuleA.xcodeproj */;
			proxyType = 2;
			remoteGlobalIDString = 594F66CA211D2F3200853AF8;
			remoteInfo = ModuleA;
		};
		594F6A1B211F322900853AF8 /* PBXContainerItemProxy */ = {
			isa = PBXContainerItemProxy;
			containerPortal = 594F6A09211F322500853AF8 /* ModuleB.xcodeproj */;
			proxyType = 2;
			remoteGlobalIDString = 594F66DF211D2F7400853AF8;
			remoteInfo = ModuleB;
		};
		594F6A1E211F322900853AF8 /* PBXContainerItemProxy */ = {
			isa = PBXContainerItemProxy;
			containerPortal = 594F69E9211F322100853AF8 /* ModuleC.xcodeproj */;
			proxyType = 2;
			remoteGlobalIDString = 594F66F4211D2FCC00853AF8;
			remoteInfo = ModuleC;
		};
		594F6A21211F322900853AF8 /* PBXContainerItemProxy */ = {
			isa = PBXContainerItemProxy;
			containerPortal = 594F69F3211F322200853AF8 /* ModuleD.xcodeproj */;
			proxyType = 2;
			remoteGlobalIDString = 594F6709211D301100853AF8;
			remoteInfo = ModuleD;
		};
		594F6A24211F322900853AF8 /* PBXContainerItemProxy */ = {
			isa = PBXContainerItemProxy;
			containerPortal = 594F69F8211F322300853AF8 /* ModuleL.xcodeproj */;
			proxyType = 2;
			remoteGlobalIDString = 594F676A211D62BD00853AF8;
			remoteInfo = ModuleL;
		};
/* End PBXContainerItemProxy section */

/* Begin PBXCopyFilesBuildPhase section */
		594F6758211D3C6B00853AF8 /* Embed Frameworks */ = {
			isa = PBXCopyFilesBuildPhase;
			buildActionMask = 2147483647;
			dstPath = "";
			dstSubfolderSpec = 10;
			files = (
			);
			name = "Embed Frameworks";
			runOnlyForDeploymentPostprocessing = 0;
		};
/* End PBXCopyFilesBuildPhase section */

/* Begin PBXFileReference section */
		594F66A6211D2E5400853AF8 /* ProjectContainerDemo.app */ = {isa = PBXFileReference; explicitFileType = wrapper.application; includeInIndex = 0; path = ProjectContainerDemo.app; sourceTree = BUILT_PRODUCTS_DIR; };
		594F66A9211D2E5400853AF8 /* AppDelegate.h */ = {isa = PBXFileReference; lastKnownFileType = sourcecode.c.h; path = AppDelegate.h; sourceTree = "<group>"; };
		594F66AA211D2E5400853AF8 /* AppDelegate.m */ = {isa = PBXFileReference; lastKnownFileType = sourcecode.c.objc; path = AppDelegate.m; sourceTree = "<group>"; };
		594F66AC211D2E5400853AF8 /* ViewController.h */ = {isa = PBXFileReference; lastKnownFileType = sourcecode.c.h; path = ViewController.h; sourceTree = "<group>"; };
		594F66AD211D2E5400853AF8 /* ViewController.m */ = {isa = PBXFileReference; lastKnownFileType = sourcecode.c.objc; path = ViewController.m; sourceTree = "<group>"; };
		594F66B0211D2E5400853AF8 /* Base */ = {isa = PBXFileReference; lastKnownFileType = file.storyboard; name = Base; path = Base.lproj/Main.storyboard; sourceTree = "<group>"; };
		594F66B2211D2E5B00853AF8 /* Assets.xcassets */ = {isa = PBXFileReference; lastKnownFileType = folder.assetcatalog; path = Assets.xcassets; sourceTree = "<group>"; };
		594F66B5211D2E5B00853AF8 /* Base */ = {isa = PBXFileReference; lastKnownFileType = file.storyboard; name = Base; path = Base.lproj/LaunchScreen.storyboard; sourceTree = "<group>"; };
		594F66B7211D2E5B00853AF8 /* Info.plist */ = {isa = PBXFileReference; lastKnownFileType = text.plist.xml; path = Info.plist; sourceTree = "<group>"; };
		594F66B8211D2E5B00853AF8 /* main.m */ = {isa = PBXFileReference; lastKnownFileType = sourcecode.c.objc; path = main.m; sourceTree = "<group>"; };
		594F69E8211F322100853AF8 /* ModuleC.podspec */ = {isa = PBXFileReference; fileEncoding = 4; lastKnownFileType = text; path = ModuleC.podspec; sourceTree = "<group>"; };
		594F69E9211F322100853AF8 /* ModuleC.xcodeproj */ = {isa = PBXFileReference; lastKnownFileType = "wrapper.pb-project"; path = ModuleC.xcodeproj; sourceTree = "<group>"; };
		594F69F3211F322200853AF8 /* ModuleD.xcodeproj */ = {isa = PBXFileReference; lastKnownFileType = "wrapper.pb-project"; path = ModuleD.xcodeproj; sourceTree = "<group>"; };
		594F69F6211F322300853AF8 /* ModuleD.podspec */ = {isa = PBXFileReference; fileEncoding = 4; lastKnownFileType = text; path = ModuleD.podspec; sourceTree = "<group>"; xcLanguageSpecificationIdentifier = xcode.lang.ruby; };
		594F69F8211F322300853AF8 /* ModuleL.xcodeproj */ = {isa = PBXFileReference; lastKnownFileType = "wrapper.pb-project"; path = ModuleL.xcodeproj; sourceTree = "<group>"; };
		594F6A00211F322500853AF8 /* ModuleL.podspec */ = {isa = PBXFileReference; fileEncoding = 4; lastKnownFileType = text; path = ModuleL.podspec; sourceTree = "<group>"; xcLanguageSpecificationIdentifier = xcode.lang.ruby; };
		594F6A02211F322500853AF8 /* ModuleB.podspec */ = {isa = PBXFileReference; fileEncoding = 4; lastKnownFileType = text; path = ModuleB.podspec; sourceTree = "<group>"; xcLanguageSpecificationIdentifier = xcode.lang.ruby; };
		594F6A09211F322500853AF8 /* ModuleB.xcodeproj */ = {isa = PBXFileReference; lastKnownFileType = "wrapper.pb-project"; path = ModuleB.xcodeproj; sourceTree = "<group>"; };
		594F6A0D211F322600853AF8 /* ModuleA.podspec */ = {isa = PBXFileReference; fileEncoding = 4; lastKnownFileType = text; path = ModuleA.podspec; sourceTree = "<group>"; };
		594F6A0E211F322600853AF8 /* ModuleA.xcodeproj */ = {isa = PBXFileReference; lastKnownFileType = "wrapper.pb-project"; path = ModuleA.xcodeproj; sourceTree = "<group>"; };
		594F70D5212056F400853AF8 /* moduleChart.png */ = {isa = PBXFileReference; lastKnownFileType = image.png; path = moduleChart.png; sourceTree = "<group>"; };
		94197BDDF13C29CFF9B7910F /* Pods_ProjectContainerDemo.framework */ = {isa = PBXFileReference; explicitFileType = wrapper.framework; includeInIndex = 0; path = Pods_ProjectContainerDemo.framework; sourceTree = BUILT_PRODUCTS_DIR; };
		B2C99629E39DA7778886071E /* Pods-ProjectContainerDemo.release.xcconfig */ = {isa = PBXFileReference; includeInIndex = 1; lastKnownFileType = text.xcconfig; name = "Pods-ProjectContainerDemo.release.xcconfig"; path = "../Pods/Target Support Files/Pods-ProjectContainerDemo/Pods-ProjectContainerDemo.release.xcconfig"; sourceTree = "<group>"; };
		D9909E164B7A77CAA8B78B6A /* Pods-ProjectContainerDemo.debug.xcconfig */ = {isa = PBXFileReference; includeInIndex = 1; lastKnownFileType = text.xcconfig; name = "Pods-ProjectContainerDemo.debug.xcconfig"; path = "../Pods/Target Support Files/Pods-ProjectContainerDemo/Pods-ProjectContainerDemo.debug.xcconfig"; sourceTree = "<group>"; };
/* End PBXFileReference section */

/* Begin PBXFrameworksBuildPhase section */
		594F66A3211D2E5400853AF8 /* Frameworks */ = {
			isa = PBXFrameworksBuildPhase;
			buildActionMask = 2147483647;
			files = (
				688EB0E82F33AB66F8D5CF00 /* Pods_ProjectContainerDemo.framework in Frameworks */,
			);
			runOnlyForDeploymentPostprocessing = 0;
		};
/* End PBXFrameworksBuildPhase section */

/* Begin PBXGroup section */
		594F669D211D2E5400853AF8 = {
			isa = PBXGroup;
			children = (
				594F66A8211D2E5400853AF8 /* ProjectContainerDemo */,
				594F66A7211D2E5400853AF8 /* Products */,
				594F6787211D635D00853AF8 /* Frameworks */,
				97DF478A244A49A66DAB4E5D /* Pods */,
			);
			sourceTree = "<group>";
		};
		594F66A7211D2E5400853AF8 /* Products */ = {
			isa = PBXGroup;
			children = (
				594F66A6211D2E5400853AF8 /* ProjectContainerDemo.app */,
			);
			name = Products;
			sourceTree = "<group>";
		};
		594F66A8211D2E5400853AF8 /* ProjectContainerDemo */ = {
			isa = PBXGroup;
			children = (
				594F69E0211F322100853AF8 /* SubProjects */,
				594F6798211D6D3700853AF8 /* support files */,
				594F66A9211D2E5400853AF8 /* AppDelegate.h */,
				594F66AA211D2E5400853AF8 /* AppDelegate.m */,
				594F66AC211D2E5400853AF8 /* ViewController.h */,
				594F66AD211D2E5400853AF8 /* ViewController.m */,
			);
			path = ProjectContainerDemo;
			sourceTree = "<group>";
		};
		594F6787211D635D00853AF8 /* Frameworks */ = {
			isa = PBXGroup;
			children = (
				94197BDDF13C29CFF9B7910F /* Pods_ProjectContainerDemo.framework */,
			);
			name = Frameworks;
			sourceTree = "<group>";
		};
		594F6798211D6D3700853AF8 /* support files */ = {
			isa = PBXGroup;
			children = (
				594F70D5212056F400853AF8 /* moduleChart.png */,
				594F66AF211D2E5400853AF8 /* Main.storyboard */,
				594F66B2211D2E5B00853AF8 /* Assets.xcassets */,
				594F66B4211D2E5B00853AF8 /* LaunchScreen.storyboard */,
				594F66B7211D2E5B00853AF8 /* Info.plist */,
				594F66B8211D2E5B00853AF8 /* main.m */,
			);
			path = "support files";
			sourceTree = "<group>";
		};
		594F69E0211F322100853AF8 /* SubProjects */ = {
			isa = PBXGroup;
			children = (
				594F6A0C211F322600853AF8 /* ModuleA */,
				594F6A01211F322500853AF8 /* ModuleB */,
				594F69E1211F322100853AF8 /* ModuleC */,
				594F69EC211F322200853AF8 /* ModuleD */,
				594F69F7211F322300853AF8 /* ModuleL */,
			);
			name = SubProjects;
			path = ../../SubProjects;
			sourceTree = "<group>";
		};
		594F69E1211F322100853AF8 /* ModuleC */ = {
			isa = PBXGroup;
			children = (
				594F69E8211F322100853AF8 /* ModuleC.podspec */,
				594F69E9211F322100853AF8 /* ModuleC.xcodeproj */,
			);
			path = ModuleC;
			sourceTree = "<group>";
		};
		594F69EA211F322100853AF8 /* Products */ = {
			isa = PBXGroup;
			children = (
				594F6A1F211F322900853AF8 /* ModuleC.framework */,
			);
			name = Products;
			sourceTree = "<group>";
		};
		594F69EC211F322200853AF8 /* ModuleD */ = {
			isa = PBXGroup;
			children = (
				594F69F3211F322200853AF8 /* ModuleD.xcodeproj */,
				594F69F6211F322300853AF8 /* ModuleD.podspec */,
			);
			path = ModuleD;
			sourceTree = "<group>";
		};
		594F69F4211F322200853AF8 /* Products */ = {
			isa = PBXGroup;
			children = (
				594F6A22211F322900853AF8 /* ModuleD.framework */,
			);
			name = Products;
			sourceTree = "<group>";
		};
		594F69F7211F322300853AF8 /* ModuleL */ = {
			isa = PBXGroup;
			children = (
				594F69F8211F322300853AF8 /* ModuleL.xcodeproj */,
				594F6A00211F322500853AF8 /* ModuleL.podspec */,
			);
			path = ModuleL;
			sourceTree = "<group>";
		};
		594F69F9211F322300853AF8 /* Products */ = {
			isa = PBXGroup;
			children = (
				594F6A25211F322900853AF8 /* libModuleL.a */,
			);
			name = Products;
			sourceTree = "<group>";
		};
		594F6A01211F322500853AF8 /* ModuleB */ = {
			isa = PBXGroup;
			children = (
				594F6A02211F322500853AF8 /* ModuleB.podspec */,
				594F6A09211F322500853AF8 /* ModuleB.xcodeproj */,
			);
			path = ModuleB;
			sourceTree = "<group>";
		};
		594F6A0A211F322500853AF8 /* Products */ = {
			isa = PBXGroup;
			children = (
				594F6A1C211F322900853AF8 /* ModuleB.framework */,
			);
			name = Products;
			sourceTree = "<group>";
		};
		594F6A0C211F322600853AF8 /* ModuleA */ = {
			isa = PBXGroup;
			children = (
				594F6A0D211F322600853AF8 /* ModuleA.podspec */,
				594F6A0E211F322600853AF8 /* ModuleA.xcodeproj */,
			);
			path = ModuleA;
			sourceTree = "<group>";
		};
		594F6A0F211F322600853AF8 /* Products */ = {
			isa = PBXGroup;
			children = (
				594F6A19211F322900853AF8 /* ModuleA.framework */,
			);
			name = Products;
			sourceTree = "<group>";
		};
		97DF478A244A49A66DAB4E5D /* Pods */ = {
			isa = PBXGroup;
			children = (
				D9909E164B7A77CAA8B78B6A /* Pods-ProjectContainerDemo.debug.xcconfig */,
				B2C99629E39DA7778886071E /* Pods-ProjectContainerDemo.release.xcconfig */,
			);
			name = Pods;
			sourceTree = "<group>";
		};
/* End PBXGroup section */

/* Begin PBXNativeTarget section */
		594F66A5211D2E5400853AF8 /* ProjectContainerDemo */ = {
			isa = PBXNativeTarget;
			buildConfigurationList = 594F66BC211D2E5B00853AF8 /* Build configuration list for PBXNativeTarget "ProjectContainerDemo" */;
			buildPhases = (
				0074EB8D089174FE8C595285 /* [CP] Check Pods Manifest.lock */,
				594F66A2211D2E5400853AF8 /* Sources */,
				594F66A3211D2E5400853AF8 /* Frameworks */,
				594F66A4211D2E5400853AF8 /* Resources */,
				594F6758211D3C6B00853AF8 /* Embed Frameworks */,
				EBD08ABB1BE91513AACBAA44 /* [CP] Copy Pods Resources */,
			);
			buildRules = (
			);
			dependencies = (
			);
			name = ProjectContainerDemo;
			productName = ProjectContainerDemo;
			productReference = 594F66A6211D2E5400853AF8 /* ProjectContainerDemo.app */;
			productType = "com.apple.product-type.application";
		};
/* End PBXNativeTarget section */

/* Begin PBXProject section */
		594F669E211D2E5400853AF8 /* Project object */ = {
			isa = PBXProject;
			attributes = {
				LastUpgradeCheck = 0940;
				ORGANIZATIONNAME = TB;
				TargetAttributes = {
					594F66A5211D2E5400853AF8 = {
						CreatedOnToolsVersion = 9.4.1;
					};
				};
			};
			buildConfigurationList = 594F66A1211D2E5400853AF8 /* Build configuration list for PBXProject "ProjectContainerDemo" */;
			compatibilityVersion = "Xcode 9.3";
			developmentRegion = en;
			hasScannedForEncodings = 0;
			knownRegions = (
				en,
				Base,
			);
			mainGroup = 594F669D211D2E5400853AF8;
			productRefGroup = 594F66A7211D2E5400853AF8 /* Products */;
			projectDirPath = "";
			projectReferences = (
				{
					ProductGroup = 594F6A0F211F322600853AF8 /* Products */;
					ProjectRef = 594F6A0E211F322600853AF8 /* ModuleA.xcodeproj */;
				},
				{
					ProductGroup = 594F6A0A211F322500853AF8 /* Products */;
					ProjectRef = 594F6A09211F322500853AF8 /* ModuleB.xcodeproj */;
				},
				{
					ProductGroup = 594F69EA211F322100853AF8 /* Products */;
					ProjectRef = 594F69E9211F322100853AF8 /* ModuleC.xcodeproj */;
				},
				{
					ProductGroup = 594F69F4211F322200853AF8 /* Products */;
					ProjectRef = 594F69F3211F322200853AF8 /* ModuleD.xcodeproj */;
				},
				{
					ProductGroup = 594F69F9211F322300853AF8 /* Products */;
					ProjectRef = 594F69F8211F322300853AF8 /* ModuleL.xcodeproj */;
				},
			);
			projectRoot = "";
			targets = (
				594F66A5211D2E5400853AF8 /* ProjectContainerDemo */,
			);
		};
/* End PBXProject section */

/* Begin PBXReferenceProxy section */
		594F6A19211F322900853AF8 /* ModuleA.framework */ = {
			isa = PBXReferenceProxy;
			fileType = wrapper.framework;
			path = ModuleA.framework;
			remoteRef = 594F6A18211F322900853AF8 /* PBXContainerItemProxy */;
			sourceTree = BUILT_PRODUCTS_DIR;
		};
		594F6A1C211F322900853AF8 /* ModuleB.framework */ = {
			isa = PBXReferenceProxy;
			fileType = wrapper.framework;
			path = ModuleB.framework;
			remoteRef = 594F6A1B211F322900853AF8 /* PBXContainerItemProxy */;
			sourceTree = BUILT_PRODUCTS_DIR;
		};
		594F6A1F211F322900853AF8 /* ModuleC.framework */ = {
			isa = PBXReferenceProxy;
			fileType = wrapper.framework;
			path = ModuleC.framework;
			remoteRef = 594F6A1E211F322900853AF8 /* PBXContainerItemProxy */;
			sourceTree = BUILT_PRODUCTS_DIR;
		};
		594F6A22211F322900853AF8 /* ModuleD.framework */ = {
			isa = PBXReferenceProxy;
			fileType = wrapper.framework;
			path = ModuleD.framework;
			remoteRef = 594F6A21211F322900853AF8 /* PBXContainerItemProxy */;
			sourceTree = BUILT_PRODUCTS_DIR;
		};
		594F6A25211F322900853AF8 /* libModuleL.a */ = {
			isa = PBXReferenceProxy;
			fileType = archive.ar;
			path = libModuleL.a;
			remoteRef = 594F6A24211F322900853AF8 /* PBXContainerItemProxy */;
			sourceTree = BUILT_PRODUCTS_DIR;
		};
/* End PBXReferenceProxy section */

/* Begin PBXResourcesBuildPhase section */
		594F66A4211D2E5400853AF8 /* Resources */ = {
			isa = PBXResourcesBuildPhase;
			buildActionMask = 2147483647;
			files = (
				594F70D6212056F500853AF8 /* moduleChart.png in Resources */,
				594F66B6211D2E5B00853AF8 /* LaunchScreen.storyboard in Resources */,
				594F66B3211D2E5B00853AF8 /* Assets.xcassets in Resources */,
				594F6A28211F322900853AF8 /* ModuleC.podspec in Resources */,
				594F6A2E211F322900853AF8 /* ModuleL.podspec in Resources */,
				594F6A2B211F322900853AF8 /* ModuleD.podspec in Resources */,
				594F66B1211D2E5400853AF8 /* Main.storyboard in Resources */,
				594F6A32211F322900853AF8 /* ModuleA.podspec in Resources */,
				594F6A2F211F322900853AF8 /* ModuleB.podspec in Resources */,
			);
			runOnlyForDeploymentPostprocessing = 0;
		};
/* End PBXResourcesBuildPhase section */

/* Begin PBXShellScriptBuildPhase section */
		0074EB8D089174FE8C595285 /* [CP] Check Pods Manifest.lock */ = {
			isa = PBXShellScriptBuildPhase;
			buildActionMask = 2147483647;
			files = (
			);
			inputPaths = (
				"${PODS_PODFILE_DIR_PATH}/Podfile.lock",
				"${PODS_ROOT}/Manifest.lock",
			);
			name = "[CP] Check Pods Manifest.lock";
			outputPaths = (
				"$(DERIVED_FILE_DIR)/Pods-ProjectContainerDemo-checkManifestLockResult.txt",
			);
			runOnlyForDeploymentPostprocessing = 0;
			shellPath = /bin/sh;
			shellScript = "diff \"${PODS_PODFILE_DIR_PATH}/Podfile.lock\" \"${PODS_ROOT}/Manifest.lock\" > /dev/null\nif [ $? != 0 ] ; then\n    # print error to STDERR\n    echo \"error: The sandbox is not in sync with the Podfile.lock. Run 'pod install' or update your CocoaPods installation.\" >&2\n    exit 1\nfi\n# This output is used by Xcode 'outputs' to avoid re-running this script phase.\necho \"SUCCESS\" > \"${SCRIPT_OUTPUT_FILE_0}\"\n";
			showEnvVarsInLog = 0;
		};
		EBD08ABB1BE91513AACBAA44 /* [CP] Copy Pods Resources */ = {
			isa = PBXShellScriptBuildPhase;
			buildActionMask = 2147483647;
			files = (
			);
			inputPaths = (
				"${SRCROOT}/../Pods/Target Support Files/Pods-ProjectContainerDemo/Pods-ProjectContainerDemo-resources.sh",
				"${PODS_CONFIGURATION_BUILD_DIR}/ModuleInStandalone/resources.bundle",
			);
			name = "[CP] Copy Pods Resources";
			outputPaths = (
				"${TARGET_BUILD_DIR}/${UNLOCALIZED_RESOURCES_FOLDER_PATH}/resources.bundle",
			);
			runOnlyForDeploymentPostprocessing = 0;
			shellPath = /bin/sh;
			shellScript = "\"${SRCROOT}/../Pods/Target Support Files/Pods-ProjectContainerDemo/Pods-ProjectContainerDemo-resources.sh\"\n";
			showEnvVarsInLog = 0;
		};
/* End PBXShellScriptBuildPhase section */

/* Begin PBXSourcesBuildPhase section */
		594F66A2211D2E5400853AF8 /* Sources */ = {
			isa = PBXSourcesBuildPhase;
			buildActionMask = 2147483647;
			files = (
				594F66AE211D2E5400853AF8 /* ViewController.m in Sources */,
				594F66B9211D2E5B00853AF8 /* main.m in Sources */,
				594F66AB211D2E5400853AF8 /* AppDelegate.m in Sources */,
			);
			runOnlyForDeploymentPostprocessing = 0;
		};
/* End PBXSourcesBuildPhase section */

/* Begin PBXVariantGroup section */
		594F66AF211D2E5400853AF8 /* Main.storyboard */ = {
			isa = PBXVariantGroup;
			children = (
				594F66B0211D2E5400853AF8 /* Base */,
			);
			name = Main.storyboard;
			sourceTree = "<group>";
		};
		594F66B4211D2E5B00853AF8 /* LaunchScreen.storyboard */ = {
			isa = PBXVariantGroup;
			children = (
				594F66B5211D2E5B00853AF8 /* Base */,
			);
			name = LaunchScreen.storyboard;
			sourceTree = "<group>";
		};
/* End PBXVariantGroup section */

/* Begin XCBuildConfiguration section */
		594F66BA211D2E5B00853AF8 /* Debug */ = {
			isa = XCBuildConfiguration;
			buildSettings = {
				ALWAYS_SEARCH_USER_PATHS = NO;
				CLANG_ANALYZER_NONNULL = YES;
				CLANG_ANALYZER_NUMBER_OBJECT_CONVERSION = YES_AGGRESSIVE;
				CLANG_CXX_LANGUAGE_STANDARD = "gnu++14";
				CLANG_CXX_LIBRARY = "libc++";
				CLANG_ENABLE_MODULES = YES;
				CLANG_ENABLE_OBJC_ARC = YES;
				CLANG_ENABLE_OBJC_WEAK = YES;
				CLANG_WARN_BLOCK_CAPTURE_AUTORELEASING = YES;
				CLANG_WARN_BOOL_CONVERSION = YES;
				CLANG_WARN_COMMA = YES;
				CLANG_WARN_CONSTANT_CONVERSION = YES;
				CLANG_WARN_DEPRECATED_OBJC_IMPLEMENTATIONS = YES;
				CLANG_WARN_DIRECT_OBJC_ISA_USAGE = YES_ERROR;
				CLANG_WARN_DOCUMENTATION_COMMENTS = YES;
				CLANG_WARN_EMPTY_BODY = YES;
				CLANG_WARN_ENUM_CONVERSION = YES;
				CLANG_WARN_INFINITE_RECURSION = YES;
				CLANG_WARN_INT_CONVERSION = YES;
				CLANG_WARN_NON_LITERAL_NULL_CONVERSION = YES;
				CLANG_WARN_OBJC_IMPLICIT_RETAIN_SELF = YES;
				CLANG_WARN_OBJC_LITERAL_CONVERSION = YES;
				CLANG_WARN_OBJC_ROOT_CLASS = YES_ERROR;
				CLANG_WARN_RANGE_LOOP_ANALYSIS = YES;
				CLANG_WARN_STRICT_PROTOTYPES = YES;
				CLANG_WARN_SUSPICIOUS_MOVE = YES;
				CLANG_WARN_UNGUARDED_AVAILABILITY = YES_AGGRESSIVE;
				CLANG_WARN_UNREACHABLE_CODE = YES;
				CLANG_WARN__DUPLICATE_METHOD_MATCH = YES;
				CODE_SIGN_IDENTITY = "iPhone Developer";
				COPY_PHASE_STRIP = NO;
				DEBUG_INFORMATION_FORMAT = dwarf;
				ENABLE_STRICT_OBJC_MSGSEND = YES;
				ENABLE_TESTABILITY = YES;
				GCC_C_LANGUAGE_STANDARD = gnu11;
				GCC_DYNAMIC_NO_PIC = NO;
				GCC_NO_COMMON_BLOCKS = YES;
				GCC_OPTIMIZATION_LEVEL = 0;
				GCC_PREPROCESSOR_DEFINITIONS = (
					"DEBUG=1",
					"$(inherited)",
				);
				GCC_WARN_64_TO_32_BIT_CONVERSION = YES;
				GCC_WARN_ABOUT_RETURN_TYPE = YES_ERROR;
				GCC_WARN_UNDECLARED_SELECTOR = YES;
				GCC_WARN_UNINITIALIZED_AUTOS = YES_AGGRESSIVE;
				GCC_WARN_UNUSED_FUNCTION = YES;
				GCC_WARN_UNUSED_VARIABLE = YES;
				IPHONEOS_DEPLOYMENT_TARGET = 11.4;
				MTL_ENABLE_DEBUG_INFO = YES;
				ONLY_ACTIVE_ARCH = YES;
				SDKROOT = iphoneos;
			};
			name = Debug;
		};
		594F66BB211D2E5B00853AF8 /* Release */ = {
			isa = XCBuildConfiguration;
			buildSettings = {
				ALWAYS_SEARCH_USER_PATHS = NO;
				CLANG_ANALYZER_NONNULL = YES;
				CLANG_ANALYZER_NUMBER_OBJECT_CONVERSION = YES_AGGRESSIVE;
				CLANG_CXX_LANGUAGE_STANDARD = "gnu++14";
				CLANG_CXX_LIBRARY = "libc++";
				CLANG_ENABLE_MODULES = YES;
				CLANG_ENABLE_OBJC_ARC = YES;
				CLANG_ENABLE_OBJC_WEAK = YES;
				CLANG_WARN_BLOCK_CAPTURE_AUTORELEASING = YES;
				CLANG_WARN_BOOL_CONVERSION = YES;
				CLANG_WARN_COMMA = YES;
				CLANG_WARN_CONSTANT_CONVERSION = YES;
				CLANG_WARN_DEPRECATED_OBJC_IMPLEMENTATIONS = YES;
				CLANG_WARN_DIRECT_OBJC_ISA_USAGE = YES_ERROR;
				CLANG_WARN_DOCUMENTATION_COMMENTS = YES;
				CLANG_WARN_EMPTY_BODY = YES;
				CLANG_WARN_ENUM_CONVERSION = YES;
				CLANG_WARN_INFINITE_RECURSION = YES;
				CLANG_WARN_INT_CONVERSION = YES;
				CLANG_WARN_NON_LITERAL_NULL_CONVERSION = YES;
				CLANG_WARN_OBJC_IMPLICIT_RETAIN_SELF = YES;
				CLANG_WARN_OBJC_LITERAL_CONVERSION = YES;
				CLANG_WARN_OBJC_ROOT_CLASS = YES_ERROR;
				CLANG_WARN_RANGE_LOOP_ANALYSIS = YES;
				CLANG_WARN_STRICT_PROTOTYPES = YES;
				CLANG_WARN_SUSPICIOUS_MOVE = YES;
				CLANG_WARN_UNGUARDED_AVAILABILITY = YES_AGGRESSIVE;
				CLANG_WARN_UNREACHABLE_CODE = YES;
				CLANG_WARN__DUPLICATE_METHOD_MATCH = YES;
				CODE_SIGN_IDENTITY = "iPhone Developer";
				COPY_PHASE_STRIP = NO;
				DEBUG_INFORMATION_FORMAT = "dwarf-with-dsym";
				ENABLE_NS_ASSERTIONS = NO;
				ENABLE_STRICT_OBJC_MSGSEND = YES;
				GCC_C_LANGUAGE_STANDARD = gnu11;
				GCC_NO_COMMON_BLOCKS = YES;
				GCC_WARN_64_TO_32_BIT_CONVERSION = YES;
				GCC_WARN_ABOUT_RETURN_TYPE = YES_ERROR;
				GCC_WARN_UNDECLARED_SELECTOR = YES;
				GCC_WARN_UNINITIALIZED_AUTOS = YES_AGGRESSIVE;
				GCC_WARN_UNUSED_FUNCTION = YES;
				GCC_WARN_UNUSED_VARIABLE = YES;
				IPHONEOS_DEPLOYMENT_TARGET = 11.4;
				MTL_ENABLE_DEBUG_INFO = NO;
				SDKROOT = iphoneos;
				VALIDATE_PRODUCT = YES;
			};
			name = Release;
		};
		594F66BD211D2E5B00853AF8 /* Debug */ = {
			isa = XCBuildConfiguration;
			baseConfigurationReference = D9909E164B7A77CAA8B78B6A /* Pods-ProjectContainerDemo.debug.xcconfig */;
			buildSettings = {
				ASSETCATALOG_COMPILER_APPICON_NAME = AppIcon;
				CODE_SIGN_STYLE = Automatic;
				HEADER_SEARCH_PATHS = (
					"$(inherited)",
					"\"$(SRCROOT)/Projects/ModuleL/ModuleL\"",
				);
				INFOPLIST_FILE = "$(SRCROOT)/ProjectContainerDemo/support files/Info.plist";
				LD_RUNPATH_SEARCH_PATHS = (
					"$(inherited)",
					"@executable_path/Frameworks",
				);
				PRODUCT_BUNDLE_IDENTIFIER = com.TB.ProjectContainerDemo;
				PRODUCT_NAME = "$(TARGET_NAME)";
				TARGETED_DEVICE_FAMILY = "1,2";
			};
			name = Debug;
		};
		594F66BE211D2E5B00853AF8 /* Release */ = {
			isa = XCBuildConfiguration;
			baseConfigurationReference = B2C99629E39DA7778886071E /* Pods-ProjectContainerDemo.release.xcconfig */;
			buildSettings = {
				ASSETCATALOG_COMPILER_APPICON_NAME = AppIcon;
				CODE_SIGN_STYLE = Automatic;
				HEADER_SEARCH_PATHS = (
					"$(inherited)",
					"\"$(SRCROOT)/Projects/ModuleL/ModuleL\"",
				);
				INFOPLIST_FILE = "$(SRCROOT)/ProjectContainerDemo/support files/Info.plist";
				LD_RUNPATH_SEARCH_PATHS = (
					"$(inherited)",
					"@executable_path/Frameworks",
				);
				PRODUCT_BUNDLE_IDENTIFIER = com.TB.ProjectContainerDemo;
				PRODUCT_NAME = "$(TARGET_NAME)";
				TARGETED_DEVICE_FAMILY = "1,2";
			};
			name = Release;
		};
/* End XCBuildConfiguration section */

/* Begin XCConfigurationList section */
		594F66A1211D2E5400853AF8 /* Build configuration list for PBXProject "ProjectContainerDemo" */ = {
			isa = XCConfigurationList;
			buildConfigurations = (
				594F66BA211D2E5B00853AF8 /* Debug */,
				594F66BB211D2E5B00853AF8 /* Release */,
			);
			defaultConfigurationIsVisible = 0;
			defaultConfigurationName = Release;
		};
		594F66BC211D2E5B00853AF8 /* Build configuration list for PBXNativeTarget "ProjectContainerDemo" */ = {
			isa = XCConfigurationList;
			buildConfigurations = (
				594F66BD211D2E5B00853AF8 /* Debug */,
				594F66BE211D2E5B00853AF8 /* Release */,
			);
			defaultConfigurationIsVisible = 0;
			defaultConfigurationName = Release;
		};
/* End XCConfigurationList section */
	};
	rootObject = 594F669E211D2E5400853AF8 /* Project object */;
}
